// !$*UTF8*$!
{
	archiveVersion = 1;
	classes = {
	};
	objectVersion = 50;
	objects = {

/* Begin PBXBuildFile section */
		136BE99D20EE184300AAB4DD /* AppDelegate.swift in Sources */ = {isa = PBXBuildFile; fileRef = 136BE99C20EE184300AAB4DD /* AppDelegate.swift */; };
		136BE99F20EE184300AAB4DD /* ViewController.swift in Sources */ = {isa = PBXBuildFile; fileRef = 136BE99E20EE184300AAB4DD /* ViewController.swift */; };
		136BE9A220EE184300AAB4DD /* Main.storyboard in Resources */ = {isa = PBXBuildFile; fileRef = 136BE9A020EE184300AAB4DD /* Main.storyboard */; };
		136BE9A420EE184500AAB4DD /* Assets.xcassets in Resources */ = {isa = PBXBuildFile; fileRef = 136BE9A320EE184500AAB4DD /* Assets.xcassets */; };
		136BE9A720EE184500AAB4DD /* LaunchScreen.storyboard in Resources */ = {isa = PBXBuildFile; fileRef = 136BE9A520EE184500AAB4DD /* LaunchScreen.storyboard */; };
		136BE9B920EE1BA300AAB4DD /* GMButton.swift in Sources */ = {isa = PBXBuildFile; fileRef = 136BE9B720EE1BA300AAB4DD /* GMButton.swift */; };
		136BE9BA20EE1BA300AAB4DD /* GMImageView.swift in Sources */ = {isa = PBXBuildFile; fileRef = 136BE9B820EE1BA300AAB4DD /* GMImageView.swift */; };
		136BE9BD20EF0B4800AAB4DD /* GMUtil.swift in Sources */ = {isa = PBXBuildFile; fileRef = 136BE9BC20EF0B4800AAB4DD /* GMUtil.swift */; };
/* End PBXBuildFile section */

/* Begin PBXFileReference section */
		136BE99920EE184300AAB4DD /* GMUtil.app */ = {isa = PBXFileReference; explicitFileType = wrapper.application; includeInIndex = 0; path = GMUtil.app; sourceTree = BUILT_PRODUCTS_DIR; };
		136BE99C20EE184300AAB4DD /* AppDelegate.swift */ = {isa = PBXFileReference; lastKnownFileType = sourcecode.swift; path = AppDelegate.swift; sourceTree = "<group>"; };
		136BE99E20EE184300AAB4DD /* ViewController.swift */ = {isa = PBXFileReference; lastKnownFileType = sourcecode.swift; path = ViewController.swift; sourceTree = "<group>"; };
		136BE9A120EE184300AAB4DD /* Base */ = {isa = PBXFileReference; lastKnownFileType = file.storyboard; name = Base; path = Base.lproj/Main.storyboard; sourceTree = "<group>"; };
		136BE9A320EE184500AAB4DD /* Assets.xcassets */ = {isa = PBXFileReference; lastKnownFileType = folder.assetcatalog; path = Assets.xcassets; sourceTree = "<group>"; };
		136BE9A620EE184500AAB4DD /* Base */ = {isa = PBXFileReference; lastKnownFileType = file.storyboard; name = Base; path = Base.lproj/LaunchScreen.storyboard; sourceTree = "<group>"; };
		136BE9A820EE184500AAB4DD /* Info.plist */ = {isa = PBXFileReference; lastKnownFileType = text.plist.xml; path = Info.plist; sourceTree = "<group>"; };
		136BE9B720EE1BA300AAB4DD /* GMButton.swift */ = {isa = PBXFileReference; fileEncoding = 4; lastKnownFileType = sourcecode.swift; path = GMButton.swift; sourceTree = "<group>"; };
		136BE9B820EE1BA300AAB4DD /* GMImageView.swift */ = {isa = PBXFileReference; fileEncoding = 4; lastKnownFileType = sourcecode.swift; path = GMImageView.swift; sourceTree = "<group>"; };
		136BE9BC20EF0B4800AAB4DD /* GMUtil.swift */ = {isa = PBXFileReference; lastKnownFileType = sourcecode.swift; path = GMUtil.swift; sourceTree = "<group>"; };
/* End PBXFileReference section */

/* Begin PBXFrameworksBuildPhase section */
		136BE99620EE184300AAB4DD /* Frameworks */ = {
			isa = PBXFrameworksBuildPhase;
			buildActionMask = 2147483647;
			files = (
			);
			runOnlyForDeploymentPostprocessing = 0;
		};
/* End PBXFrameworksBuildPhase section */

/* Begin PBXGroup section */
		136BE99020EE184300AAB4DD = {
			isa = PBXGroup;
			children = (
				136BE99B20EE184300AAB4DD /* GMUtil */,
				136BE99A20EE184300AAB4DD /* Products */,
			);
			sourceTree = "<group>";
		};
		136BE99A20EE184300AAB4DD /* Products */ = {
			isa = PBXGroup;
			children = (
				136BE99920EE184300AAB4DD /* GMUtil.app */,
			);
			name = Products;
			sourceTree = "<group>";
		};
		136BE99B20EE184300AAB4DD /* GMUtil */ = {
			isa = PBXGroup;
			children = (
				136BE9B520EE1BA300AAB4DD /* Swift_Code */,
				136BE99C20EE184300AAB4DD /* AppDelegate.swift */,
				136BE99E20EE184300AAB4DD /* ViewController.swift */,
				136BE9A020EE184300AAB4DD /* Main.storyboard */,
				136BE9A320EE184500AAB4DD /* Assets.xcassets */,
				136BE9A520EE184500AAB4DD /* LaunchScreen.storyboard */,
				136BE9A820EE184500AAB4DD /* Info.plist */,
			);
			path = GMUtil;
			sourceTree = "<group>";
		};
		136BE9B520EE1BA300AAB4DD /* Swift_Code */ = {
			isa = PBXGroup;
			children = (
				136BE9BB20EF0B3600AAB4DD /* Util */,
				136BE9B620EE1BA300AAB4DD /* GMExtension */,
			);
			path = Swift_Code;
			sourceTree = SOURCE_ROOT;
		};
		136BE9B620EE1BA300AAB4DD /* GMExtension */ = {
			isa = PBXGroup;
			children = (
				136BE9B720EE1BA300AAB4DD /* GMButton.swift */,
				136BE9B820EE1BA300AAB4DD /* GMImageView.swift */,
			);
			path = GMExtension;
			sourceTree = "<group>";
		};
		136BE9BB20EF0B3600AAB4DD /* Util */ = {
			isa = PBXGroup;
			children = (
				136BE9BC20EF0B4800AAB4DD /* GMUtil.swift */,
			);
			path = Util;
			sourceTree = "<group>";
		};
/* End PBXGroup section */

/* Begin PBXNativeTarget section */
		136BE99820EE184300AAB4DD /* GMUtil */ = {
			isa = PBXNativeTarget;
			buildConfigurationList = 136BE9AB20EE184500AAB4DD /* Build configuration list for PBXNativeTarget "GMUtil" */;
			buildPhases = (
				136BE99520EE184300AAB4DD /* Sources */,
				136BE99620EE184300AAB4DD /* Frameworks */,
				136BE99720EE184300AAB4DD /* Resources */,
			);
			buildRules = (
			);
			dependencies = (
			);
			name = GMUtil;
			productName = GMUtil;
			productReference = 136BE99920EE184300AAB4DD /* GMUtil.app */;
			productType = "com.apple.product-type.application";
		};
/* End PBXNativeTarget section */

/* Begin PBXProject section */
		136BE99120EE184300AAB4DD /* Project object */ = {
			isa = PBXProject;
			attributes = {
				LastSwiftUpdateCheck = 0940;
				LastUpgradeCheck = 0940;
				ORGANIZATIONNAME = gaoming;
				TargetAttributes = {
					136BE99820EE184300AAB4DD = {
						CreatedOnToolsVersion = 9.4.1;
					};
				};
			};
			buildConfigurationList = 136BE99420EE184300AAB4DD /* Build configuration list for PBXProject "GMUtil" */;
			compatibilityVersion = "Xcode 9.3";
			developmentRegion = en;
			hasScannedForEncodings = 0;
			knownRegions = (
				en,
				Base,
			);
			mainGroup = 136BE99020EE184300AAB4DD;
			productRefGroup = 136BE99A20EE184300AAB4DD /* Products */;
			projectDirPath = "";
			projectRoot = "";
			targets = (
				136BE99820EE184300AAB4DD /* GMUtil */,
			);
		};
/* End PBXProject section */

/* Begin PBXResourcesBuildPhase section */
		136BE99720EE184300AAB4DD /* Resources */ = {
			isa = PBXResourcesBuildPhase;
			buildActionMask = 2147483647;
			files = (
				136BE9A720EE184500AAB4DD /* LaunchScreen.storyboard in Resources */,
				136BE9A420EE184500AAB4DD /* Assets.xcassets in Resources */,
				136BE9A220EE184300AAB4DD /* Main.storyboard in Resources */,
			);
			runOnlyForDeploymentPostprocessing = 0;
		};
/* End PBXResourcesBuildPhase section */

/* Begin PBXSourcesBuildPhase section */
		136BE99520EE184300AAB4DD /* Sources */ = {
			isa = PBXSourcesBuildPhase;
			buildActionMask = 2147483647;
			files = (
				136BE9B920EE1BA300AAB4DD /* GMButton.swift in Sources */,
				136BE99F20EE184300AAB4DD /* ViewController.swift in Sources */,
				136BE9BA20EE1BA300AAB4DD /* GMImageView.swift in Sources */,
				136BE9BD20EF0B4800AAB4DD /* GMUtil.swift in Sources */,
				136BE99D20EE184300AAB4DD /* AppDelegate.swift in Sources */,
			);
			runOnlyForDeploymentPostprocessing = 0;
		};
/* End PBXSourcesBuildPhase section */

/* Begin PBXVariantGroup section */
		136BE9A020EE184300AAB4DD /* Main.storyboard */ = {
			isa = PBXVariantGroup;
			children = (
				136BE9A120EE184300AAB4DD /* Base */,
			);
			name = Main.storyboard;
			sourceTree = "<group>";
		};
		136BE9A520EE184500AAB4DD /* LaunchScreen.storyboard */ = {
			isa = PBXVariantGroup;
			children = (
				136BE9A620EE184500AAB4DD /* Base */,
			);
			name = LaunchScreen.storyboard;
			sourceTree = "<group>";
		};
/* End PBXVariantGroup section */

/* Begin XCBuildConfiguration section */
		136BE9A920EE184500AAB4DD /* Debug */ = {
			isa = XCBuildConfiguration;
			buildSettings = {
				ALWAYS_SEARCH_USER_PATHS = NO;
				CLANG_ANALYZER_NONNULL = YES;
				CLANG_ANALYZER_NUMBER_OBJECT_CONVERSION = YES_AGGRESSIVE;
				CLANG_CXX_LANGUAGE_STANDARD = "gnu++14";
				CLANG_CXX_LIBRARY = "libc++";
				CLANG_ENABLE_MODULES = YES;
				CLANG_ENABLE_OBJC_ARC = YES;
				CLANG_ENABLE_OBJC_WEAK = YES;
				CLANG_WARN_BLOCK_CAPTURE_AUTORELEASING = YES;
				CLANG_WARN_BOOL_CONVERSION = YES;
				CLANG_WARN_COMMA = YES;
				CLANG_WARN_CONSTANT_CONVERSION = YES;
				CLANG_WARN_DEPRECATED_OBJC_IMPLEMENTATIONS = YES;
				CLANG_WARN_DIRECT_OBJC_ISA_USAGE = YES_ERROR;
				CLANG_WARN_DOCUMENTATION_COMMENTS = YES;
				CLANG_WARN_EMPTY_BODY = YES;
				CLANG_WARN_ENUM_CONVERSION = YES;
				CLANG_WARN_INFINITE_RECURSION = YES;
				CLANG_WARN_INT_CONVERSION = YES;
				CLANG_WARN_NON_LITERAL_NULL_CONVERSION = YES;
				CLANG_WARN_OBJC_IMPLICIT_RETAIN_SELF = YES;
				CLANG_WARN_OBJC_LITERAL_CONVERSION = YES;
				CLANG_WARN_OBJC_ROOT_CLASS = YES_ERROR;
				CLANG_WARN_RANGE_LOOP_ANALYSIS = YES;
				CLANG_WARN_STRICT_PROTOTYPES = YES;
				CLANG_WARN_SUSPICIOUS_MOVE = YES;
				CLANG_WARN_UNGUARDED_AVAILABILITY = YES_AGGRESSIVE;
				CLANG_WARN_UNREACHABLE_CODE = YES;
				CLANG_WARN__DUPLICATE_METHOD_MATCH = YES;
				CODE_SIGN_IDENTITY = "iPhone Developer";
				COPY_PHASE_STRIP = NO;
				DEBUG_INFORMATION_FORMAT = dwarf;
				ENABLE_STRICT_OBJC_MSGSEND = YES;
				ENABLE_TESTABILITY = YES;
				GCC_C_LANGUAGE_STANDARD = gnu11;
				GCC_DYNAMIC_NO_PIC = NO;
				GCC_NO_COMMON_BLOCKS = YES;
				GCC_OPTIMIZATION_LEVEL = 0;
				GCC_PREPROCESSOR_DEFINITIONS = (
					"DEBUG=1",
					"$(inherited)",
				);
				GCC_WARN_64_TO_32_BIT_CONVERSION = YES;
				GCC_WARN_ABOUT_RETURN_TYPE = YES_ERROR;
				GCC_WARN_UNDECLARED_SELECTOR = YES;
				GCC_WARN_UNINITIALIZED_AUTOS = YES_AGGRESSIVE;
				GCC_WARN_UNUSED_FUNCTION = YES;
				GCC_WARN_UNUSED_VARIABLE = YES;
				IPHONEOS_DEPLOYMENT_TARGET = 11.4;
				MTL_ENABLE_DEBUG_INFO = YES;
				ONLY_ACTIVE_ARCH = YES;
				SDKROOT = iphoneos;
				SWIFT_ACTIVE_COMPILATION_CONDITIONS = DEBUG;
				SWIFT_OPTIMIZATION_LEVEL = "-Onone";
			};
			name = Debug;
		};
		136BE9AA20EE184500AAB4DD /* Release */ = {
			isa = XCBuildConfiguration;
			buildSettings = {
				ALWAYS_SEARCH_USER_PATHS = NO;
				CLANG_ANALYZER_NONNULL = YES;
				CLANG_ANALYZER_NUMBER_OBJECT_CONVERSION = YES_AGGRESSIVE;
				CLANG_CXX_LANGUAGE_STANDARD = "gnu++14";
				CLANG_CXX_LIBRARY = "libc++";
				CLANG_ENABLE_MODULES = YES;
				CLANG_ENABLE_OBJC_ARC = YES;
				CLANG_ENABLE_OBJC_WEAK = YES;
				CLANG_WARN_BLOCK_CAPTURE_AUTORELEASING = YES;
				CLANG_WARN_BOOL_CONVERSION = YES;
				CLANG_WARN_COMMA = YES;
				CLANG_WARN_CONSTANT_CONVERSION = YES;
				CLANG_WARN_DEPRECATED_OBJC_IMPLEMENTATIONS = YES;
				CLANG_WARN_DIRECT_OBJC_ISA_USAGE = YES_ERROR;
				CLANG_WARN_DOCUMENTATION_COMMENTS = YES;
				CLANG_WARN_EMPTY_BODY = YES;
				CLANG_WARN_ENUM_CONVERSION = YES;
				CLANG_WARN_INFINITE_RECURSION = YES;
				CLANG_WARN_INT_CONVERSION = YES;
				CLANG_WARN_NON_LITERAL_NULL_CONVERSION = YES;
				CLANG_WARN_OBJC_IMPLICIT_RETAIN_SELF = YES;
				CLANG_WARN_OBJC_LITERAL_CONVERSION = YES;
				CLANG_WARN_OBJC_ROOT_CLASS = YES_ERROR;
				CLANG_WARN_RANGE_LOOP_ANALYSIS = YES;
				CLANG_WARN_STRICT_PROTOTYPES = YES;
				CLANG_WARN_SUSPICIOUS_MOVE = YES;
				CLANG_WARN_UNGUARDED_AVAILABILITY = YES_AGGRESSIVE;
				CLANG_WARN_UNREACHABLE_CODE = YES;
				CLANG_WARN__DUPLICATE_METHOD_MATCH = YES;
				CODE_SIGN_IDENTITY = "iPhone Developer";
				COPY_PHASE_STRIP = NO;
				DEBUG_INFORMATION_FORMAT = "dwarf-with-dsym";
				ENABLE_NS_ASSERTIONS = NO;
				ENABLE_STRICT_OBJC_MSGSEND = YES;
				GCC_C_LANGUAGE_STANDARD = gnu11;
				GCC_NO_COMMON_BLOCKS = YES;
				GCC_WARN_64_TO_32_BIT_CONVERSION = YES;
				GCC_WARN_ABOUT_RETURN_TYPE = YES_ERROR;
				GCC_WARN_UNDECLARED_SELECTOR = YES;
				GCC_WARN_UNINITIALIZED_AUTOS = YES_AGGRESSIVE;
				GCC_WARN_UNUSED_FUNCTION = YES;
				GCC_WARN_UNUSED_VARIABLE = YES;
				IPHONEOS_DEPLOYMENT_TARGET = 11.4;
				MTL_ENABLE_DEBUG_INFO = NO;
				SDKROOT = iphoneos;
				SWIFT_COMPILATION_MODE = wholemodule;
				SWIFT_OPTIMIZATION_LEVEL = "-O";
				VALIDATE_PRODUCT = YES;
			};
			name = Release;
		};
		136BE9AC20EE184500AAB4DD /* Debug */ = {
			isa = XCBuildConfiguration;
			buildSettings = {
				ASSETCATALOG_COMPILER_APPICON_NAME = AppIcon;
				CODE_SIGN_STYLE = Automatic;
				INFOPLIST_FILE = GMUtil/Info.plist;
				LD_RUNPATH_SEARCH_PATHS = (
					"$(inherited)",
					"@executable_path/Frameworks",
				);
				PRODUCT_BUNDLE_IDENTIFIER = gaoming.GMUtil;
				PRODUCT_NAME = "$(TARGET_NAME)";
				SWIFT_VERSION = 4.0;
				TARGETED_DEVICE_FAMILY = "1,2";
			};
			name = Debug;
		};
		136BE9AD20EE184500AAB4DD /* Release */ = {
			isa = XCBuildConfiguration;
			buildSettings = {
				ASSETCATALOG_COMPILER_APPICON_NAME = AppIcon;
				CODE_SIGN_STYLE = Automatic;
				INFOPLIST_FILE = GMUtil/Info.plist;
				LD_RUNPATH_SEARCH_PATHS = (
					"$(inherited)",
					"@executable_path/Frameworks",
				);
				PRODUCT_BUNDLE_IDENTIFIER = gaoming.GMUtil;
				PRODUCT_NAME = "$(TARGET_NAME)";
				SWIFT_VERSION = 4.0;
				TARGETED_DEVICE_FAMILY = "1,2";
			};
			name = Release;
		};
/* End XCBuildConfiguration section */

/* Begin XCConfigurationList section */
		136BE99420EE184300AAB4DD /* Build configuration list for PBXProject "GMUtil" */ = {
			isa = XCConfigurationList;
			buildConfigurations = (
				136BE9A920EE184500AAB4DD /* Debug */,
				136BE9AA20EE184500AAB4DD /* Release */,
			);
			defaultConfigurationIsVisible = 0;
			defaultConfigurationName = Release;
		};
		136BE9AB20EE184500AAB4DD /* Build configuration list for PBXNativeTarget "GMUtil" */ = {
			isa = XCConfigurationList;
			buildConfigurations = (
				136BE9AC20EE184500AAB4DD /* Debug */,
				136BE9AD20EE184500AAB4DD /* Release */,
			);
			defaultConfigurationIsVisible = 0;
			defaultConfigurationName = Release;
		};
/* End XCConfigurationList section */
	};
	rootObject = 136BE99120EE184300AAB4DD /* Project object */;
}
